
Microsoft Visual Studio Solution File, Format Version 12.00
# Visual Studio Version 17
VisualStudioVersion = 17.5.33502.453
MinimumVisualStudioVersion = 10.0.40219.1
Project("{FAE04EC0-301F-11D3-BF4B-00C04F79EFBC}") = "Villa_API", "Villa_API\Villa_API.csproj", "{FFCEC7D4-1BEE-4A5A-AE49-93D153FA1998}"
EndProject
Global
	GlobalSection(SolutionConfigurationPlatforms) = preSolution
		Debug|Any CPU = Debug|Any CPU
		Release|Any CPU = Release|Any CPU
	EndGlobalSection
	GlobalSection(ProjectConfigurationPlatforms) = postSolution
		{FFCEC7D4-1BEE-4A5A-AE49-93D153FA1998}.Debug|Any CPU.ActiveCfg = Debug|Any CPU
		{FFCEC7D4-1BEE-4A5A-AE49-93D153FA1998}.Debug|Any CPU.Build.0 = Debug|Any CPU
		{FFCEC7D4-1BEE-4A5A-AE49-93D153FA1998}.Release|Any CPU.ActiveCfg = Release|Any CPU
		{FFCEC7D4-1BEE-4A5A-AE49-93D153FA1998}.Release|Any CPU.Build.0 = Release|Any CPU
	EndGlobalSection
	GlobalSection(SolutionProperties) = preSolution
		HideSolutionNode = FALSE
	EndGlobalSection
	GlobalSection(ExtensibilityGlobals) = postSolution
		SolutionGuid = {269CE65A-C9EF-4777-ABFA-C92BE89A348D}
	EndGlobalSection
EndGlobal
